
Microsoft Visual Studio Solution File, Format Version 12.00
# Visual Studio Version 17
VisualStudioVersion = 17.9.34607.119
MinimumVisualStudioVersion = 10.0.40219.1
Project("{9A19103F-16F7-4668-BE54-9A1E7A4F7556}") = "StardewApp", "StardewApp\StardewApp.csproj", "{811D02C0-90B6-44B4-A2F9-E8107B56EBB6}"
EndProject
Project("{FAE04EC0-301F-11D3-BF4B-00C04F79EFBC}") = "StardewClient", "StardewClient\StardewClient.csproj", "{C6B93CBD-0981-422F-821C-4CB5521B0786}"
EndProject
Global
	GlobalSection(SolutionConfigurationPlatforms) = preSolution
		Debug|Any CPU = Debug|Any CPU
		Release|Any CPU = Release|Any CPU
	EndGlobalSection
	GlobalSection(ProjectConfigurationPlatforms) = postSolution
		{811D02C0-90B6-44B4-A2F9-E8107B56EBB6}.Debug|Any CPU.ActiveCfg = Debug|Any CPU
		{811D02C0-90B6-44B4-A2F9-E8107B56EBB6}.Debug|Any CPU.Build.0 = Debug|Any CPU
		{811D02C0-90B6-44B4-A2F9-E8107B56EBB6}.Release|Any CPU.ActiveCfg = Release|Any CPU
		{811D02C0-90B6-44B4-A2F9-E8107B56EBB6}.Release|Any CPU.Build.0 = Release|Any CPU
		{C6B93CBD-0981-422F-821C-4CB5521B0786}.Debug|Any CPU.ActiveCfg = Debug|Any CPU
		{C6B93CBD-0981-422F-821C-4CB5521B0786}.Debug|Any CPU.Build.0 = Debug|Any CPU
		{C6B93CBD-0981-422F-821C-4CB5521B0786}.Release|Any CPU.ActiveCfg = Release|Any CPU
		{C6B93CBD-0981-422F-821C-4CB5521B0786}.Release|Any CPU.Build.0 = Release|Any CPU
	EndGlobalSection
	GlobalSection(SolutionProperties) = preSolution
		HideSolutionNode = FALSE
	EndGlobalSection
	GlobalSection(ExtensibilityGlobals) = postSolution
		SolutionGuid = {7204A22B-8559-4AD0-A4B7-C345F8DDED83}
	EndGlobalSection
EndGlobal
